
Microsoft Visual Studio Solution File, Format Version 12.00
# Visual Studio Version 17
VisualStudioVersion = 17.0.31903.59
MinimumVisualStudioVersion = 10.0.40219.1
Project("{2150E333-8FDC-42A3-9474-1A3956D46DE8}") = "src", "src", "{CA1CE554-D38C-4DB3-B90B-C6B623914FED}"
EndProject
Project("{FAE04EC0-301F-11D3-BF4B-00C04F79EFBC}") = "Congratulator.Api", "src\Congratulator.Api\Congratulator.Api.csproj", "{54D083B6-3681-4627-BA49-28A6DED77387}"
EndProject
Project("{2150E333-8FDC-42A3-9474-1A3956D46DE8}") = "tests", "tests", "{63240533-8B4A-4DD6-8D4F-A9C84FF7EB49}"
EndProject
Project("{FAE04EC0-301F-11D3-BF4B-00C04F79EFBC}") = "Congratulator.Tests", "tests\Congratulator.Tests\Congratulator.Tests.csproj", "{A01CE125-FFF5-4B5B-A4E0-E541518148F6}"
EndProject
Global
	GlobalSection(SolutionConfigurationPlatforms) = preSolution
		Debug|Any CPU = Debug|Any CPU
		Release|Any CPU = Release|Any CPU
	EndGlobalSection
	GlobalSection(SolutionProperties) = preSolution
		HideSolutionNode = FALSE
	EndGlobalSection
	GlobalSection(ProjectConfigurationPlatforms) = postSolution
		{54D083B6-3681-4627-BA49-28A6DED77387}.Debug|Any CPU.ActiveCfg = Debug|Any CPU
		{54D083B6-3681-4627-BA49-28A6DED77387}.Debug|Any CPU.Build.0 = Debug|Any CPU
		{54D083B6-3681-4627-BA49-28A6DED77387}.Release|Any CPU.ActiveCfg = Release|Any CPU
		{54D083B6-3681-4627-BA49-28A6DED77387}.Release|Any CPU.Build.0 = Release|Any CPU
		{A01CE125-FFF5-4B5B-A4E0-E541518148F6}.Debug|Any CPU.ActiveCfg = Debug|Any CPU
		{A01CE125-FFF5-4B5B-A4E0-E541518148F6}.Debug|Any CPU.Build.0 = Debug|Any CPU
		{A01CE125-FFF5-4B5B-A4E0-E541518148F6}.Release|Any CPU.ActiveCfg = Release|Any CPU
		{A01CE125-FFF5-4B5B-A4E0-E541518148F6}.Release|Any CPU.Build.0 = Release|Any CPU
	EndGlobalSection
	GlobalSection(NestedProjects) = preSolution
		{54D083B6-3681-4627-BA49-28A6DED77387} = {CA1CE554-D38C-4DB3-B90B-C6B623914FED}
		{A01CE125-FFF5-4B5B-A4E0-E541518148F6} = {63240533-8B4A-4DD6-8D4F-A9C84FF7EB49}
	EndGlobalSection
EndGlobal
